
Microsoft Visual Studio Solution File, Format Version 12.00
# Visual Studio Version 17
VisualStudioVersion = 17.8.34511.84
MinimumVisualStudioVersion = 10.0.40219.1
Project("{9A19103F-16F7-4668-BE54-9A1E7A4F7556}") = "ActifsMateriels", "ActifsMateriels\ActifsMateriels.csproj", "{5828AE4B-F0BB-4FC6-B649-A69E26AD224A}"
EndProject
Project("{9A19103F-16F7-4668-BE54-9A1E7A4F7556}") = "BLL", "BLL\BLL.csproj", "{5D27A397-3CA3-4F18-BD6F-CAB74498FDEE}"
EndProject
Project("{9A19103F-16F7-4668-BE54-9A1E7A4F7556}") = "DAL", "DAL\DAL.csproj", "{14028E90-5D37-4CFF-B178-8BBC616CC2FD}"
EndProject
Project("{9A19103F-16F7-4668-BE54-9A1E7A4F7556}") = "Domain", "Domain\Domain.csproj", "{53A9A10B-9358-4C7E-8FD0-0FD5F069CF4B}"
EndProject
Project("{9A19103F-16F7-4668-BE54-9A1E7A4F7556}") = "Parameters", "Parameters\Parameters.csproj", "{F9FAE5E4-4DA2-4D8A-A0C1-5D626A71DC18}"
EndProject
Project("{9A19103F-16F7-4668-BE54-9A1E7A4F7556}") = "TestUnitaireServeur", "TestUnitaireServeur\TestUnitaireServeur.csproj", "{E7FE18A0-6C43-4DE6-A517-90840E7D027B}"
EndProject
Project("{9A19103F-16F7-4668-BE54-9A1E7A4F7556}") = "TestIntegrations", "TestIntegrations\TestIntegrations.csproj", "{64459DE7-F618-4A70-9E8D-B50CD883C459}"
EndProject
Global
	GlobalSection(SolutionConfigurationPlatforms) = preSolution
		Debug|Any CPU = Debug|Any CPU
		Release|Any CPU = Release|Any CPU
	EndGlobalSection
	GlobalSection(ProjectConfigurationPlatforms) = postSolution
		{5828AE4B-F0BB-4FC6-B649-A69E26AD224A}.Debug|Any CPU.ActiveCfg = Debug|Any CPU
		{5828AE4B-F0BB-4FC6-B649-A69E26AD224A}.Debug|Any CPU.Build.0 = Debug|Any CPU
		{5828AE4B-F0BB-4FC6-B649-A69E26AD224A}.Release|Any CPU.ActiveCfg = Release|Any CPU
		{5828AE4B-F0BB-4FC6-B649-A69E26AD224A}.Release|Any CPU.Build.0 = Release|Any CPU
		{5D27A397-3CA3-4F18-BD6F-CAB74498FDEE}.Debug|Any CPU.ActiveCfg = Debug|Any CPU
		{5D27A397-3CA3-4F18-BD6F-CAB74498FDEE}.Debug|Any CPU.Build.0 = Debug|Any CPU
		{5D27A397-3CA3-4F18-BD6F-CAB74498FDEE}.Release|Any CPU.ActiveCfg = Release|Any CPU
		{5D27A397-3CA3-4F18-BD6F-CAB74498FDEE}.Release|Any CPU.Build.0 = Release|Any CPU
		{14028E90-5D37-4CFF-B178-8BBC616CC2FD}.Debug|Any CPU.ActiveCfg = Debug|Any CPU
		{14028E90-5D37-4CFF-B178-8BBC616CC2FD}.Debug|Any CPU.Build.0 = Debug|Any CPU
		{14028E90-5D37-4CFF-B178-8BBC616CC2FD}.Release|Any CPU.ActiveCfg = Release|Any CPU
		{14028E90-5D37-4CFF-B178-8BBC616CC2FD}.Release|Any CPU.Build.0 = Release|Any CPU
		{53A9A10B-9358-4C7E-8FD0-0FD5F069CF4B}.Debug|Any CPU.ActiveCfg = Debug|Any CPU
		{53A9A10B-9358-4C7E-8FD0-0FD5F069CF4B}.Debug|Any CPU.Build.0 = Debug|Any CPU
		{53A9A10B-9358-4C7E-8FD0-0FD5F069CF4B}.Release|Any CPU.ActiveCfg = Release|Any CPU
		{53A9A10B-9358-4C7E-8FD0-0FD5F069CF4B}.Release|Any CPU.Build.0 = Release|Any CPU
		{F9FAE5E4-4DA2-4D8A-A0C1-5D626A71DC18}.Debug|Any CPU.ActiveCfg = Debug|Any CPU
		{F9FAE5E4-4DA2-4D8A-A0C1-5D626A71DC18}.Debug|Any CPU.Build.0 = Debug|Any CPU
		{F9FAE5E4-4DA2-4D8A-A0C1-5D626A71DC18}.Release|Any CPU.ActiveCfg = Release|Any CPU
		{F9FAE5E4-4DA2-4D8A-A0C1-5D626A71DC18}.Release|Any CPU.Build.0 = Release|Any CPU
		{E7FE18A0-6C43-4DE6-A517-90840E7D027B}.Debug|Any CPU.ActiveCfg = Debug|Any CPU
		{E7FE18A0-6C43-4DE6-A517-90840E7D027B}.Debug|Any CPU.Build.0 = Debug|Any CPU
		{E7FE18A0-6C43-4DE6-A517-90840E7D027B}.Release|Any CPU.ActiveCfg = Release|Any CPU
		{E7FE18A0-6C43-4DE6-A517-90840E7D027B}.Release|Any CPU.Build.0 = Release|Any CPU
		{64459DE7-F618-4A70-9E8D-B50CD883C459}.Debug|Any CPU.ActiveCfg = Debug|Any CPU
		{64459DE7-F618-4A70-9E8D-B50CD883C459}.Debug|Any CPU.Build.0 = Debug|Any CPU
		{64459DE7-F618-4A70-9E8D-B50CD883C459}.Release|Any CPU.ActiveCfg = Release|Any CPU
		{64459DE7-F618-4A70-9E8D-B50CD883C459}.Release|Any CPU.Build.0 = Release|Any CPU
	EndGlobalSection
	GlobalSection(SolutionProperties) = preSolution
		HideSolutionNode = FALSE
	EndGlobalSection
	GlobalSection(ExtensibilityGlobals) = postSolution
		SolutionGuid = {70A0E0C9-B48B-4DDA-AEA0-5C91EF8FC358}
	EndGlobalSection
EndGlobal
